
Microsoft Visual Studio Solution File, Format Version 12.00
# Visual Studio Version 17
VisualStudioVersion = 17.7.34031.279
MinimumVisualStudioVersion = 10.0.40219.1
Project("{FAE04EC0-301F-11D3-BF4B-00C04F79EFBC}") = "Tetris", "Tetris\Tetris.csproj", "{FAE99928-2ED8-4C86-84DF-5C2A93C27210}"
EndProject
Global
	GlobalSection(SolutionConfigurationPlatforms) = preSolution
		Debug|Any CPU = Debug|Any CPU
		Release|Any CPU = Release|Any CPU
	EndGlobalSection
	GlobalSection(ProjectConfigurationPlatforms) = postSolution
		{FAE99928-2ED8-4C86-84DF-5C2A93C27210}.Debug|Any CPU.ActiveCfg = Debug|Any CPU
		{FAE99928-2ED8-4C86-84DF-5C2A93C27210}.Debug|Any CPU.Build.0 = Debug|Any CPU
		{FAE99928-2ED8-4C86-84DF-5C2A93C27210}.Release|Any CPU.ActiveCfg = Release|Any CPU
		{FAE99928-2ED8-4C86-84DF-5C2A93C27210}.Release|Any CPU.Build.0 = Release|Any CPU
	EndGlobalSection
	GlobalSection(SolutionProperties) = preSolution
		HideSolutionNode = FALSE
	EndGlobalSection
	GlobalSection(ExtensibilityGlobals) = postSolution
		SolutionGuid = {8C6F305B-33AB-4B90-94AE-1B227C401794}
	EndGlobalSection
EndGlobal
